
Microsoft Visual Studio Solution File, Format Version 12.00
# Visual Studio Version 17
VisualStudioVersion = 17.11.35327.3
MinimumVisualStudioVersion = 10.0.40219.1
Project("{FAE04EC0-301F-11D3-BF4B-00C04F79EFBC}") = "Session02", "Session02\Session02.csproj", "{D2D610E6-998C-496D-832D-3CBDBAE427D2}"
EndProject
Global
	GlobalSection(SolutionConfigurationPlatforms) = preSolution
		Debug|Any CPU = Debug|Any CPU
		Release|Any CPU = Release|Any CPU
	EndGlobalSection
	GlobalSection(ProjectConfigurationPlatforms) = postSolution
		{D2D610E6-998C-496D-832D-3CBDBAE427D2}.Debug|Any CPU.ActiveCfg = Debug|Any CPU
		{D2D610E6-998C-496D-832D-3CBDBAE427D2}.Debug|Any CPU.Build.0 = Debug|Any CPU
		{D2D610E6-998C-496D-832D-3CBDBAE427D2}.Release|Any CPU.ActiveCfg = Release|Any CPU
		{D2D610E6-998C-496D-832D-3CBDBAE427D2}.Release|Any CPU.Build.0 = Release|Any CPU
	EndGlobalSection
	GlobalSection(SolutionProperties) = preSolution
		HideSolutionNode = FALSE
	EndGlobalSection
	GlobalSection(ExtensibilityGlobals) = postSolution
		SolutionGuid = {56283A1B-5E4D-44DE-96DB-3633D8238AAD}
	EndGlobalSection
EndGlobal
